{
  "version": 4,
  "terraform_version": "0.12.18",
  "serial": 179,
  "lineage": "ccfd3335-09b9-a87a-2a56-e5570cc3ed97",
  "outputs": {},
  "resources": [
    {
      "mode": "data",
      "type": "aws_caller_identity",
      "name": "current",
      "provider": "provider.aws",
      "instances": [
        {
          "schema_version": 0,
          "attributes": {
            "account_id": "020046395185",
            "arn": "arn:aws:iam::020046395185:user/aamir",
            "id": "2020-04-18 04:28:20.341261306 +0000 UTC",
            "user_id": "AIDAQJKW3W4Y2XXOUTOX7"
          }
        }
      ]
    },
    {
      "module": "module.cloudFront_distribution",
      "mode": "managed",
      "type": "aws_cloudfront_distribution",
      "name": "www_distribution",
      "provider": "provider.aws",
      "instances": [
        {
          "schema_version": 1,
          "attributes": {
            "active_trusted_signers": {
              "enabled": "false",
              "items.#": "0"
            },
            "aliases": [],
            "arn": "arn:aws:cloudfront::020046395185:distribution/E1Q2GHZMUHZSEP",
            "cache_behavior": [],
            "caller_reference": "terraform-20200418042148633700000002",
            "comment": "cloufront OAI",
            "custom_error_response": [],
            "default_cache_behavior": [
              {
                "allowed_methods": [
                  "GET",
                  "HEAD"
                ],
                "cached_methods": [
                  "GET",
                  "HEAD"
                ],
                "compress": false,
                "default_ttl": 300,
                "field_level_encryption_id": "",
                "forwarded_values": [
                  {
                    "cookies": [
                      {
                        "forward": "none",
                        "whitelisted_names": []
                      }
                    ],
                    "headers": [],
                    "query_string": false,
                    "query_string_cache_keys": []
                  }
                ],
                "lambda_function_association": [],
                "max_ttl": 86400,
                "min_ttl": 0,
                "smooth_streaming": false,
                "target_origin_id": "aamir-learning.s3.amazonaws.com",
                "trusted_signers": [],
                "viewer_protocol_policy": "allow-all"
              }
            ],
            "default_root_object": "index.html",
            "domain_name": "d178qb2bote2hz.cloudfront.net",
            "enabled": true,
            "etag": "E2K1YRYU7ECEXY",
            "hosted_zone_id": "Z2FDTNDATAQYW2",
            "http_version": "http2",
            "id": "E1Q2GHZMUHZSEP",
            "in_progress_validation_batches": 0,
            "is_ipv6_enabled": true,
            "last_modified_time": "2020-04-18 04:28:56.339 +0000 UTC",
            "logging_config": [],
            "ordered_cache_behavior": [],
            "origin": [
              {
                "custom_header": [],
                "custom_origin_config": [
                  {
                    "http_port": 80,
                    "https_port": 443,
                    "origin_keepalive_timeout": 5,
                    "origin_protocol_policy": "http-only",
                    "origin_read_timeout": 30,
                    "origin_ssl_protocols": [
                      "TLSv1.2"
                    ]
                  }
                ],
                "domain_name": "ec2-3-87-122-202.compute-1.amazonaws.com",
                "origin_id": "ec2-3-87-122-202.compute-1.amazonaws.com",
                "origin_path": "",
                "s3_origin_config": []
              },
              {
                "custom_header": [],
                "custom_origin_config": [],
                "domain_name": "aamir-learning.s3.amazonaws.com",
                "origin_id": "aamir-learning.s3.amazonaws.com",
                "origin_path": null,
                "s3_origin_config": [
                  {
                    "origin_access_identity": "origin-access-identity/cloudfront/E1VK3QLEVYPP61"
                  }
                ]
              }
            ],
            "origin_group": [],
            "price_class": "PriceClass_All",
            "restrictions": [
              {
                "geo_restriction": [
                  {
                    "locations": [],
                    "restriction_type": "none"
                  }
                ]
              }
            ],
            "retain_on_delete": false,
            "status": "Deployed",
            "tags": {
              "owner": "dummy@dummy.com"
            },
            "viewer_certificate": [
              {
                "acm_certificate_arn": "",
                "cloudfront_default_certificate": true,
                "iam_certificate_id": "",
                "minimum_protocol_version": "TLSv1",
                "ssl_support_method": ""
              }
            ],
            "wait_for_deployment": true,
            "web_acl_id": ""
          },
          "private": "eyJzY2hlbWFfdmVyc2lvbiI6IjEifQ==",
          "dependencies": [
            "module.origin_access_id_module.aws_cloudfront_origin_access_identity.origin_access_identity"
          ]
        }
      ]
    },
    {
      "module": "module.origin_access_id_module",
      "mode": "managed",
      "type": "aws_cloudfront_origin_access_identity",
      "name": "origin_access_identity",
      "provider": "provider.aws",
      "instances": [
        {
          "schema_version": 0,
          "attributes": {
            "caller_reference": "terraform-20200418042146102400000001",
            "cloudfront_access_identity_path": "origin-access-identity/cloudfront/E1VK3QLEVYPP61",
            "comment": "OAI-1s",
            "etag": "E9NDQ0N170VQM",
            "iam_arn": "arn:aws:iam::cloudfront:user/CloudFront Origin Access Identity E1VK3QLEVYPP61",
            "id": "E1VK3QLEVYPP61",
            "s3_canonical_user_id": "b7006182b487b54f8081e7ed30b2f7ff1cc979915515af051081d753c203153fe854ba317ca794a4c9eee926c8be11b2"
          },
          "private": "bnVsbA=="
        }
      ]
    }
  ]
}
